<?xml version="1.0" encoding="UTF-8" standalone="yes" ?>
<CodeBlocks_project_file>
	<FileVersion major="1" minor="6" />
	<Project>
		<Option title="Matrix" />
		<Option pch_mode="2" />
		<Option compiler="gcc" />
		<Build>
			<Target title="Debug">
				<Option output="bin/Debug/Matrix" prefix_auto="1" extension_auto="1" />
				<Option object_output="obj/Debug/" />
				<Option type="1" />
				<Option compiler="gcc" />
				<Compiler>
					<Add option="-g" />
				</Compiler>
			</Target>
			<Target title="Release">
				<Option output="bin/Release/Matrix" prefix_auto="1" extension_auto="1" />
				<Option object_output="obj/Release/" />
				<Option type="1" />
				<Option compiler="gcc" />
				<Compiler>
					<Add option="-O2" />
				</Compiler>
				<Linker>
					<Add option="-s" />
				</Linker>
			</Target>
		</Build>
		<Compiler>
			<Add option="-Wall" />
			<Add option="-fexceptions" />
		</Compiler>
		<Unit filename="Matrix.h" />
		<Unit filename="Matrix_Test.cpp" />
		<Unit filename="main.cpp" />
		<Unit filename="test_addition.cpp" />
		<Unit filename="test_assign_add.cpp" />
		<Unit filename="test_assign_multiply.cpp" />
		<Unit filename="test_assign_subtract.cpp" />
		<Unit filename="test_assignment.cpp" />
		<Unit filename="test_constructor_destructor.cpp" />
		<Unit filename="test_determinant.cpp" />
		<Unit filename="test_equality.cpp" />
		<Unit filename="test_getandset.cpp" />
		<Unit filename="test_getnsetters.cpp" />
		<Unit filename="test_hilbert.cpp" />
		<Unit filename="test_inequality.cpp" />
		<Unit filename="test_matrixinverse.cpp" />
		<Unit filename="test_matrixmultiply.cpp" />
		<Unit filename="test_multiplication.cpp" />
		<Unit filename="test_scalarmultiply.cpp" />
		<Unit filename="test_subtraction.cpp" />
		<Unit filename="test_transpose.cpp" />
		<Extensions>
			<code_completion />
			<envvars />
			<debugger />
		</Extensions>
	</Project>
</CodeBlocks_project_file>
